
Microsoft Visual Studio Solution File, Format Version 12.00
# Visual Studio Version 16
VisualStudioVersion = 16.0.32802.440
MinimumVisualStudioVersion = 10.0.40219.1
Project("{888888A0-9F3D-457C-B088-3A5042F75D52}") = "Project 1", "Project 1\Project 1.pyproj", "{AA2BA5A4-A42A-492C-B926-3FCED193FEEE}"
EndProject
Global
	GlobalSection(SolutionConfigurationPlatforms) = preSolution
		Debug|Any CPU = Debug|Any CPU
		Release|Any CPU = Release|Any CPU
	EndGlobalSection
	GlobalSection(ProjectConfigurationPlatforms) = postSolution
		{AA2BA5A4-A42A-492C-B926-3FCED193FEEE}.Debug|Any CPU.ActiveCfg = Debug|Any CPU
		{AA2BA5A4-A42A-492C-B926-3FCED193FEEE}.Release|Any CPU.ActiveCfg = Release|Any CPU
	EndGlobalSection
	GlobalSection(SolutionProperties) = preSolution
		HideSolutionNode = FALSE
	EndGlobalSection
	GlobalSection(ExtensibilityGlobals) = postSolution
		SolutionGuid = {AE40ABEB-8927-472E-A607-39D1893E5467}
	EndGlobalSection
EndGlobal
